
Microsoft Visual Studio Solution File, Format Version 12.00
# Visual Studio Version 17
VisualStudioVersion = 17.10.35004.147
MinimumVisualStudioVersion = 10.0.40219.1
Project("{2150E333-8FDC-42A3-9474-1A3956D46DE8}") = "Code", "Code", "{091274C0-979B-409E-851F-482C1E1EEEFC}"
EndProject
Project("{2150E333-8FDC-42A3-9474-1A3956D46DE8}") = "ATS.Core", "ATS.Core", "{3FACF302-F602-4AB2-8C2E-D965CFFEC1C5}"
EndProject
Project("{2150E333-8FDC-42A3-9474-1A3956D46DE8}") = "ATS.Infrastructure", "ATS.Infrastructure", "{501491E7-02FF-4124-9C79-738E4D926297}"
EndProject
Project("{2150E333-8FDC-42A3-9474-1A3956D46DE8}") = "ATS.Presentation", "ATS.Presentation", "{967913F5-8387-4108-BD54-DA36AC3B5381}"
EndProject
Project("{FAE04EC0-301F-11D3-BF4B-00C04F79EFBC}") = "ATS.Core.Common", "ATS.Core.Common\ATS.Core.Common.csproj", "{FE14322E-7A77-455B-B76C-510A07FDF33B}"
EndProject
Project("{FAE04EC0-301F-11D3-BF4B-00C04F79EFBC}") = "ATS.Core.Repositories", "ATS.Core.Repositories\ATS.Core.Repositories.csproj", "{31D8CE7E-62D2-43C5-96BB-9E9537B01E04}"
EndProject
Project("{FAE04EC0-301F-11D3-BF4B-00C04F79EFBC}") = "ATS.Core.Data", "ATS.Core.Data\ATS.Core.Data.csproj", "{5B1B2164-E5E4-4152-B420-C4092DF2B4CD}"
EndProject
Project("{FAE04EC0-301F-11D3-BF4B-00C04F79EFBC}") = "ATS.Core.Models", "ATS.Core.Models\ATS.Core.Models.csproj", "{C89AF208-23FE-4320-9703-2C221955A3DF}"
EndProject
Project("{FAE04EC0-301F-11D3-BF4B-00C04F79EFBC}") = "ATS.Core.Services", "ATS.Core.Services\ATS.Core.Services.csproj", "{552992D0-9555-4B23-B613-559CE7602A39}"
EndProject
Project("{2150E333-8FDC-42A3-9474-1A3956D46DE8}") = "ATS.Infrastructure.Business", "ATS.Infrastructure.Business", "{847E7D3A-4CAF-41A4-9C9A-06035640C6EE}"
EndProject
Project("{2150E333-8FDC-42A3-9474-1A3956D46DE8}") = "ATS.Infrastructure.EfCode", "ATS.Infrastructure.EfCode", "{CC34CFD7-B158-4660-BCCF-BB2B54678100}"
EndProject
Project("{2150E333-8FDC-42A3-9474-1A3956D46DE8}") = "ATS.Infrastructure.RunTime", "ATS.Infrastructure.RunTime", "{01521284-C164-47B4-8B0F-F1B999C6B296}"
EndProject
Project("{FAE04EC0-301F-11D3-BF4B-00C04F79EFBC}") = "ATS.Infrastructure.Services", "ATS.Infrastructure.Services\ATS.Infrastructure.Services.csproj", "{63FED73F-C47A-4203-A87E-019677EF956D}"
EndProject
Project("{FAE04EC0-301F-11D3-BF4B-00C04F79EFBC}") = "ATS.Infrastructure.Context", "ATS.Infrastructure.Context\ATS.Infrastructure.Context.csproj", "{739FF669-6072-457F-A8D1-50377C72F3EE}"
EndProject
Project("{FAE04EC0-301F-11D3-BF4B-00C04F79EFBC}") = "ATS.Infrastructure.Repositories", "ATS.Infrastructure.Repositories\ATS.Infrastructure.Repositories.csproj", "{C7F5ACC9-44BB-4A0F-907C-781A97D86536}"
EndProject
Project("{FAE04EC0-301F-11D3-BF4B-00C04F79EFBC}") = "ATS.Infrastructure.DI", "ATS.Infrastructure.DI\ATS.Infrastructure.DI.csproj", "{2E546502-080A-4E54-AF40-CC5D206BDE59}"
EndProject
Project("{FAE04EC0-301F-11D3-BF4B-00C04F79EFBC}") = "ATS.Infrastructure.Mapping", "ATS.Infrastructure.Mapping\ATS.Infrastructure.Mapping.csproj", "{0CFAA580-B1CC-46B3-B0C0-7975A1BDF347}"
EndProject
Project("{FAE04EC0-301F-11D3-BF4B-00C04F79EFBC}") = "ATS.Presentation.Web", "ATS.Presentation.Web\ATS.Presentation.Web.csproj", "{4160CFED-B431-4965-B6E0-9E2C15F8C6D6}"
EndProject
Global
	GlobalSection(SolutionConfigurationPlatforms) = preSolution
		Debug|Any CPU = Debug|Any CPU
		Release|Any CPU = Release|Any CPU
	EndGlobalSection
	GlobalSection(ProjectConfigurationPlatforms) = postSolution
		{FE14322E-7A77-455B-B76C-510A07FDF33B}.Debug|Any CPU.ActiveCfg = Debug|Any CPU
		{FE14322E-7A77-455B-B76C-510A07FDF33B}.Debug|Any CPU.Build.0 = Debug|Any CPU
		{FE14322E-7A77-455B-B76C-510A07FDF33B}.Release|Any CPU.ActiveCfg = Release|Any CPU
		{FE14322E-7A77-455B-B76C-510A07FDF33B}.Release|Any CPU.Build.0 = Release|Any CPU
		{31D8CE7E-62D2-43C5-96BB-9E9537B01E04}.Debug|Any CPU.ActiveCfg = Debug|Any CPU
		{31D8CE7E-62D2-43C5-96BB-9E9537B01E04}.Debug|Any CPU.Build.0 = Debug|Any CPU
		{31D8CE7E-62D2-43C5-96BB-9E9537B01E04}.Release|Any CPU.ActiveCfg = Release|Any CPU
		{31D8CE7E-62D2-43C5-96BB-9E9537B01E04}.Release|Any CPU.Build.0 = Release|Any CPU
		{5B1B2164-E5E4-4152-B420-C4092DF2B4CD}.Debug|Any CPU.ActiveCfg = Debug|Any CPU
		{5B1B2164-E5E4-4152-B420-C4092DF2B4CD}.Debug|Any CPU.Build.0 = Debug|Any CPU
		{5B1B2164-E5E4-4152-B420-C4092DF2B4CD}.Release|Any CPU.ActiveCfg = Release|Any CPU
		{5B1B2164-E5E4-4152-B420-C4092DF2B4CD}.Release|Any CPU.Build.0 = Release|Any CPU
		{C89AF208-23FE-4320-9703-2C221955A3DF}.Debug|Any CPU.ActiveCfg = Debug|Any CPU
		{C89AF208-23FE-4320-9703-2C221955A3DF}.Debug|Any CPU.Build.0 = Debug|Any CPU
		{C89AF208-23FE-4320-9703-2C221955A3DF}.Release|Any CPU.ActiveCfg = Release|Any CPU
		{C89AF208-23FE-4320-9703-2C221955A3DF}.Release|Any CPU.Build.0 = Release|Any CPU
		{552992D0-9555-4B23-B613-559CE7602A39}.Debug|Any CPU.ActiveCfg = Debug|Any CPU
		{552992D0-9555-4B23-B613-559CE7602A39}.Debug|Any CPU.Build.0 = Debug|Any CPU
		{552992D0-9555-4B23-B613-559CE7602A39}.Release|Any CPU.ActiveCfg = Release|Any CPU
		{552992D0-9555-4B23-B613-559CE7602A39}.Release|Any CPU.Build.0 = Release|Any CPU
		{63FED73F-C47A-4203-A87E-019677EF956D}.Debug|Any CPU.ActiveCfg = Debug|Any CPU
		{63FED73F-C47A-4203-A87E-019677EF956D}.Debug|Any CPU.Build.0 = Debug|Any CPU
		{63FED73F-C47A-4203-A87E-019677EF956D}.Release|Any CPU.ActiveCfg = Release|Any CPU
		{63FED73F-C47A-4203-A87E-019677EF956D}.Release|Any CPU.Build.0 = Release|Any CPU
		{739FF669-6072-457F-A8D1-50377C72F3EE}.Debug|Any CPU.ActiveCfg = Debug|Any CPU
		{739FF669-6072-457F-A8D1-50377C72F3EE}.Debug|Any CPU.Build.0 = Debug|Any CPU
		{739FF669-6072-457F-A8D1-50377C72F3EE}.Release|Any CPU.ActiveCfg = Release|Any CPU
		{739FF669-6072-457F-A8D1-50377C72F3EE}.Release|Any CPU.Build.0 = Release|Any CPU
		{C7F5ACC9-44BB-4A0F-907C-781A97D86536}.Debug|Any CPU.ActiveCfg = Debug|Any CPU
		{C7F5ACC9-44BB-4A0F-907C-781A97D86536}.Debug|Any CPU.Build.0 = Debug|Any CPU
		{C7F5ACC9-44BB-4A0F-907C-781A97D86536}.Release|Any CPU.ActiveCfg = Release|Any CPU
		{C7F5ACC9-44BB-4A0F-907C-781A97D86536}.Release|Any CPU.Build.0 = Release|Any CPU
		{2E546502-080A-4E54-AF40-CC5D206BDE59}.Debug|Any CPU.ActiveCfg = Debug|Any CPU
		{2E546502-080A-4E54-AF40-CC5D206BDE59}.Debug|Any CPU.Build.0 = Debug|Any CPU
		{2E546502-080A-4E54-AF40-CC5D206BDE59}.Release|Any CPU.ActiveCfg = Release|Any CPU
		{2E546502-080A-4E54-AF40-CC5D206BDE59}.Release|Any CPU.Build.0 = Release|Any CPU
		{0CFAA580-B1CC-46B3-B0C0-7975A1BDF347}.Debug|Any CPU.ActiveCfg = Debug|Any CPU
		{0CFAA580-B1CC-46B3-B0C0-7975A1BDF347}.Debug|Any CPU.Build.0 = Debug|Any CPU
		{0CFAA580-B1CC-46B3-B0C0-7975A1BDF347}.Release|Any CPU.ActiveCfg = Release|Any CPU
		{0CFAA580-B1CC-46B3-B0C0-7975A1BDF347}.Release|Any CPU.Build.0 = Release|Any CPU
		{4160CFED-B431-4965-B6E0-9E2C15F8C6D6}.Debug|Any CPU.ActiveCfg = Debug|Any CPU
		{4160CFED-B431-4965-B6E0-9E2C15F8C6D6}.Debug|Any CPU.Build.0 = Debug|Any CPU
		{4160CFED-B431-4965-B6E0-9E2C15F8C6D6}.Release|Any CPU.ActiveCfg = Release|Any CPU
		{4160CFED-B431-4965-B6E0-9E2C15F8C6D6}.Release|Any CPU.Build.0 = Release|Any CPU
	EndGlobalSection
	GlobalSection(SolutionProperties) = preSolution
		HideSolutionNode = FALSE
	EndGlobalSection
	GlobalSection(NestedProjects) = preSolution
		{3FACF302-F602-4AB2-8C2E-D965CFFEC1C5} = {091274C0-979B-409E-851F-482C1E1EEEFC}
		{501491E7-02FF-4124-9C79-738E4D926297} = {091274C0-979B-409E-851F-482C1E1EEEFC}
		{967913F5-8387-4108-BD54-DA36AC3B5381} = {091274C0-979B-409E-851F-482C1E1EEEFC}
		{FE14322E-7A77-455B-B76C-510A07FDF33B} = {3FACF302-F602-4AB2-8C2E-D965CFFEC1C5}
		{31D8CE7E-62D2-43C5-96BB-9E9537B01E04} = {3FACF302-F602-4AB2-8C2E-D965CFFEC1C5}
		{5B1B2164-E5E4-4152-B420-C4092DF2B4CD} = {3FACF302-F602-4AB2-8C2E-D965CFFEC1C5}
		{C89AF208-23FE-4320-9703-2C221955A3DF} = {3FACF302-F602-4AB2-8C2E-D965CFFEC1C5}
		{552992D0-9555-4B23-B613-559CE7602A39} = {3FACF302-F602-4AB2-8C2E-D965CFFEC1C5}
		{847E7D3A-4CAF-41A4-9C9A-06035640C6EE} = {501491E7-02FF-4124-9C79-738E4D926297}
		{CC34CFD7-B158-4660-BCCF-BB2B54678100} = {501491E7-02FF-4124-9C79-738E4D926297}
		{01521284-C164-47B4-8B0F-F1B999C6B296} = {501491E7-02FF-4124-9C79-738E4D926297}
		{63FED73F-C47A-4203-A87E-019677EF956D} = {847E7D3A-4CAF-41A4-9C9A-06035640C6EE}
		{739FF669-6072-457F-A8D1-50377C72F3EE} = {CC34CFD7-B158-4660-BCCF-BB2B54678100}
		{C7F5ACC9-44BB-4A0F-907C-781A97D86536} = {CC34CFD7-B158-4660-BCCF-BB2B54678100}
		{2E546502-080A-4E54-AF40-CC5D206BDE59} = {01521284-C164-47B4-8B0F-F1B999C6B296}
		{0CFAA580-B1CC-46B3-B0C0-7975A1BDF347} = {01521284-C164-47B4-8B0F-F1B999C6B296}
		{4160CFED-B431-4965-B6E0-9E2C15F8C6D6} = {967913F5-8387-4108-BD54-DA36AC3B5381}
	EndGlobalSection
	GlobalSection(ExtensibilityGlobals) = postSolution
		SolutionGuid = {48351A08-32A5-4624-A367-D9DB7C2D595A}
	EndGlobalSection
EndGlobal
